
Microsoft Visual Studio Solution File, Format Version 12.00
# Visual Studio Version 17
VisualStudioVersion = 17.8.34316.72
MinimumVisualStudioVersion = 10.0.40219.1
Project("{FAE04EC0-301F-11D3-BF4B-00C04F79EFBC}") = "TodayMovie", "TodayMovie\TodayMovie.csproj", "{F43A884C-C3F4-4116-B8BE-21CD3055CBAF}"
EndProject
Global
	GlobalSection(SolutionConfigurationPlatforms) = preSolution
		Debug|Any CPU = Debug|Any CPU
		Release|Any CPU = Release|Any CPU
	EndGlobalSection
	GlobalSection(ProjectConfigurationPlatforms) = postSolution
		{F43A884C-C3F4-4116-B8BE-21CD3055CBAF}.Debug|Any CPU.ActiveCfg = Debug|Any CPU
		{F43A884C-C3F4-4116-B8BE-21CD3055CBAF}.Debug|Any CPU.Build.0 = Debug|Any CPU
		{F43A884C-C3F4-4116-B8BE-21CD3055CBAF}.Release|Any CPU.ActiveCfg = Release|Any CPU
		{F43A884C-C3F4-4116-B8BE-21CD3055CBAF}.Release|Any CPU.Build.0 = Release|Any CPU
	EndGlobalSection
	GlobalSection(SolutionProperties) = preSolution
		HideSolutionNode = FALSE
	EndGlobalSection
	GlobalSection(ExtensibilityGlobals) = postSolution
		SolutionGuid = {B09F01A0-1D93-4298-BBE5-5E38BCB44165}
	EndGlobalSection
EndGlobal
